// !$*UTF8*$!
{
	archiveVersion = 1;
	classes = {
	};
	objectVersion = 48;
	objects = {

/* Begin PBXBuildFile section */
		D8B359201F8452F30000153F /* LeagueVC.swift in Sources */ = {isa = PBXBuildFile; fileRef = D8B3591F1F8452F30000153F /* LeagueVC.swift */; };
		D8B359221F8453050000153F /* SkillVC.swift in Sources */ = {isa = PBXBuildFile; fileRef = D8B359211F8453050000153F /* SkillVC.swift */; };
		D8B359241F845A220000153F /* Player.swift in Sources */ = {isa = PBXBuildFile; fileRef = D8B359231F845A220000153F /* Player.swift */; };
		D8B5E6E41F81C5F800EFD94A /* AppDelegate.swift in Sources */ = {isa = PBXBuildFile; fileRef = D8B5E6E31F81C5F800EFD94A /* AppDelegate.swift */; };
		D8B5E6E61F81C5F800EFD94A /* WelcomeVC.swift in Sources */ = {isa = PBXBuildFile; fileRef = D8B5E6E51F81C5F800EFD94A /* WelcomeVC.swift */; };
		D8B5E6E91F81C5F800EFD94A /* Main.storyboard in Resources */ = {isa = PBXBuildFile; fileRef = D8B5E6E71F81C5F800EFD94A /* Main.storyboard */; };
		D8B5E6EB1F81C5F800EFD94A /* Assets.xcassets in Resources */ = {isa = PBXBuildFile; fileRef = D8B5E6EA1F81C5F800EFD94A /* Assets.xcassets */; };
		D8B5E6EE1F81C5F800EFD94A /* LaunchScreen.storyboard in Resources */ = {isa = PBXBuildFile; fileRef = D8B5E6EC1F81C5F800EFD94A /* LaunchScreen.storyboard */; };
		D8B5E6F71F81CF0800EFD94A /* BorderButton.swift in Sources */ = {isa = PBXBuildFile; fileRef = D8B5E6F61F81CF0800EFD94A /* BorderButton.swift */; };
/* End PBXBuildFile section */

/* Begin PBXFileReference section */
		D8B3591F1F8452F30000153F /* LeagueVC.swift */ = {isa = PBXFileReference; lastKnownFileType = sourcecode.swift; path = LeagueVC.swift; sourceTree = "<group>"; };
		D8B359211F8453050000153F /* SkillVC.swift */ = {isa = PBXFileReference; lastKnownFileType = sourcecode.swift; path = SkillVC.swift; sourceTree = "<group>"; };
		D8B359231F845A220000153F /* Player.swift */ = {isa = PBXFileReference; lastKnownFileType = sourcecode.swift; path = Player.swift; sourceTree = "<group>"; };
		D8B5E6E01F81C5F800EFD94A /* app-swoosh.app */ = {isa = PBXFileReference; explicitFileType = wrapper.application; includeInIndex = 0; path = "app-swoosh.app"; sourceTree = BUILT_PRODUCTS_DIR; };
		D8B5E6E31F81C5F800EFD94A /* AppDelegate.swift */ = {isa = PBXFileReference; lastKnownFileType = sourcecode.swift; path = AppDelegate.swift; sourceTree = "<group>"; };
		D8B5E6E51F81C5F800EFD94A /* WelcomeVC.swift */ = {isa = PBXFileReference; lastKnownFileType = sourcecode.swift; path = WelcomeVC.swift; sourceTree = "<group>"; };
		D8B5E6E81F81C5F800EFD94A /* Base */ = {isa = PBXFileReference; lastKnownFileType = file.storyboard; name = Base; path = Base.lproj/Main.storyboard; sourceTree = "<group>"; };
		D8B5E6EA1F81C5F800EFD94A /* Assets.xcassets */ = {isa = PBXFileReference; lastKnownFileType = folder.assetcatalog; path = Assets.xcassets; sourceTree = "<group>"; };
		D8B5E6ED1F81C5F800EFD94A /* Base */ = {isa = PBXFileReference; lastKnownFileType = file.storyboard; name = Base; path = Base.lproj/LaunchScreen.storyboard; sourceTree = "<group>"; };
		D8B5E6EF1F81C5F800EFD94A /* Info.plist */ = {isa = PBXFileReference; lastKnownFileType = text.plist.xml; path = Info.plist; sourceTree = "<group>"; };
		D8B5E6F61F81CF0800EFD94A /* BorderButton.swift */ = {isa = PBXFileReference; lastKnownFileType = sourcecode.swift; path = BorderButton.swift; sourceTree = "<group>"; };
/* End PBXFileReference section */

/* Begin PBXFrameworksBuildPhase section */
		D8B5E6DD1F81C5F800EFD94A /* Frameworks */ = {
			isa = PBXFrameworksBuildPhase;
			buildActionMask = 2147483647;
			files = (
			);
			runOnlyForDeploymentPostprocessing = 0;
		};
/* End PBXFrameworksBuildPhase section */

/* Begin PBXGroup section */
		D8B3591D1F8451BA0000153F /* Controller */ = {
			isa = PBXGroup;
			children = (
				D8B5E6E51F81C5F800EFD94A /* WelcomeVC.swift */,
				D8B3591F1F8452F30000153F /* LeagueVC.swift */,
				D8B359211F8453050000153F /* SkillVC.swift */,
			);
			path = Controller;
			sourceTree = "<group>";
		};
		D8B3591E1F8451C10000153F /* Model */ = {
			isa = PBXGroup;
			children = (
				D8B359231F845A220000153F /* Player.swift */,
			);
			path = Model;
			sourceTree = "<group>";
		};
		D8B5E6D71F81C5F800EFD94A = {
			isa = PBXGroup;
			children = (
				D8B5E6E21F81C5F800EFD94A /* app-swoosh */,
				D8B5E6E11F81C5F800EFD94A /* Products */,
			);
			sourceTree = "<group>";
		};
		D8B5E6E11F81C5F800EFD94A /* Products */ = {
			isa = PBXGroup;
			children = (
				D8B5E6E01F81C5F800EFD94A /* app-swoosh.app */,
			);
			name = Products;
			sourceTree = "<group>";
		};
		D8B5E6E21F81C5F800EFD94A /* app-swoosh */ = {
			isa = PBXGroup;
			children = (
				D8B3591E1F8451C10000153F /* Model */,
				D8B3591D1F8451BA0000153F /* Controller */,
				D8B5E6F51F81CE9100EFD94A /* View */,
				D8B5E6E31F81C5F800EFD94A /* AppDelegate.swift */,
				D8B5E6E71F81C5F800EFD94A /* Main.storyboard */,
				D8B5E6EA1F81C5F800EFD94A /* Assets.xcassets */,
				D8B5E6EC1F81C5F800EFD94A /* LaunchScreen.storyboard */,
				D8B5E6EF1F81C5F800EFD94A /* Info.plist */,
			);
			path = "app-swoosh";
			sourceTree = "<group>";
		};
		D8B5E6F51F81CE9100EFD94A /* View */ = {
			isa = PBXGroup;
			children = (
				D8B5E6F61F81CF0800EFD94A /* BorderButton.swift */,
			);
			path = View;
			sourceTree = "<group>";
		};
/* End PBXGroup section */

/* Begin PBXNativeTarget section */
		D8B5E6DF1F81C5F800EFD94A /* app-swoosh */ = {
			isa = PBXNativeTarget;
			buildConfigurationList = D8B5E6F21F81C5F800EFD94A /* Build configuration list for PBXNativeTarget "app-swoosh" */;
			buildPhases = (
				D8B5E6DC1F81C5F800EFD94A /* Sources */,
				D8B5E6DD1F81C5F800EFD94A /* Frameworks */,
				D8B5E6DE1F81C5F800EFD94A /* Resources */,
			);
			buildRules = (
			);
			dependencies = (
			);
			name = "app-swoosh";
			productName = "app-swoosh";
			productReference = D8B5E6E01F81C5F800EFD94A /* app-swoosh.app */;
			productType = "com.apple.product-type.application";
		};
/* End PBXNativeTarget section */

/* Begin PBXProject section */
		D8B5E6D81F81C5F800EFD94A /* Project object */ = {
			isa = PBXProject;
			attributes = {
				LastSwiftUpdateCheck = 0900;
				LastUpgradeCheck = 0900;
				ORGANIZATIONNAME = "Craig Hamilton";
				TargetAttributes = {
					D8B5E6DF1F81C5F800EFD94A = {
						CreatedOnToolsVersion = 9.0;
						ProvisioningStyle = Automatic;
					};
				};
			};
			buildConfigurationList = D8B5E6DB1F81C5F800EFD94A /* Build configuration list for PBXProject "app-swoosh" */;
			compatibilityVersion = "Xcode 8.0";
			developmentRegion = en;
			hasScannedForEncodings = 0;
			knownRegions = (
				en,
				Base,
			);
			mainGroup = D8B5E6D71F81C5F800EFD94A;
			productRefGroup = D8B5E6E11F81C5F800EFD94A /* Products */;
			projectDirPath = "";
			projectRoot = "";
			targets = (
				D8B5E6DF1F81C5F800EFD94A /* app-swoosh */,
			);
		};
/* End PBXProject section */

/* Begin PBXResourcesBuildPhase section */
		D8B5E6DE1F81C5F800EFD94A /* Resources */ = {
			isa = PBXResourcesBuildPhase;
			buildActionMask = 2147483647;
			files = (
				D8B5E6EE1F81C5F800EFD94A /* LaunchScreen.storyboard in Resources */,
				D8B5E6EB1F81C5F800EFD94A /* Assets.xcassets in Resources */,
				D8B5E6E91F81C5F800EFD94A /* Main.storyboard in Resources */,
			);
			runOnlyForDeploymentPostprocessing = 0;
		};
/* End PBXResourcesBuildPhase section */

/* Begin PBXSourcesBuildPhase section */
		D8B5E6DC1F81C5F800EFD94A /* Sources */ = {
			isa = PBXSourcesBuildPhase;
			buildActionMask = 2147483647;
			files = (
				D8B5E6E61F81C5F800EFD94A /* WelcomeVC.swift in Sources */,
				D8B359201F8452F30000153F /* LeagueVC.swift in Sources */,
				D8B5E6E41F81C5F800EFD94A /* AppDelegate.swift in Sources */,
				D8B359221F8453050000153F /* SkillVC.swift in Sources */,
				D8B359241F845A220000153F /* Player.swift in Sources */,
				D8B5E6F71F81CF0800EFD94A /* BorderButton.swift in Sources */,
			);
			runOnlyForDeploymentPostprocessing = 0;
		};
/* End PBXSourcesBuildPhase section */

/* Begin PBXVariantGroup section */
		D8B5E6E71F81C5F800EFD94A /* Main.storyboard */ = {
			isa = PBXVariantGroup;
			children = (
				D8B5E6E81F81C5F800EFD94A /* Base */,
			);
			name = Main.storyboard;
			sourceTree = "<group>";
		};
		D8B5E6EC1F81C5F800EFD94A /* LaunchScreen.storyboard */ = {
			isa = PBXVariantGroup;
			children = (
				D8B5E6ED1F81C5F800EFD94A /* Base */,
			);
			name = LaunchScreen.storyboard;
			sourceTree = "<group>";
		};
/* End PBXVariantGroup section */

/* Begin XCBuildConfiguration section */
		D8B5E6F01F81C5F800EFD94A /* Debug */ = {
			isa = XCBuildConfiguration;
			buildSettings = {
				ALWAYS_SEARCH_USER_PATHS = NO;
				CLANG_ANALYZER_NONNULL = YES;
				CLANG_ANALYZER_NUMBER_OBJECT_CONVERSION = YES_AGGRESSIVE;
				CLANG_CXX_LANGUAGE_STANDARD = "gnu++14";
				CLANG_CXX_LIBRARY = "libc++";
				CLANG_ENABLE_MODULES = YES;
				CLANG_ENABLE_OBJC_ARC = YES;
				CLANG_WARN_BLOCK_CAPTURE_AUTORELEASING = YES;
				CLANG_WARN_BOOL_CONVERSION = YES;
				CLANG_WARN_COMMA = YES;
				CLANG_WARN_CONSTANT_CONVERSION = YES;
				CLANG_WARN_DIRECT_OBJC_ISA_USAGE = YES_ERROR;
				CLANG_WARN_DOCUMENTATION_COMMENTS = YES;
				CLANG_WARN_EMPTY_BODY = YES;
				CLANG_WARN_ENUM_CONVERSION = YES;
				CLANG_WARN_INFINITE_RECURSION = YES;
				CLANG_WARN_INT_CONVERSION = YES;
				CLANG_WARN_NON_LITERAL_NULL_CONVERSION = YES;
				CLANG_WARN_OBJC_LITERAL_CONVERSION = YES;
				CLANG_WARN_OBJC_ROOT_CLASS = YES_ERROR;
				CLANG_WARN_RANGE_LOOP_ANALYSIS = YES;
				CLANG_WARN_STRICT_PROTOTYPES = YES;
				CLANG_WARN_SUSPICIOUS_MOVE = YES;
				CLANG_WARN_UNGUARDED_AVAILABILITY = YES_AGGRESSIVE;
				CLANG_WARN_UNREACHABLE_CODE = YES;
				CLANG_WARN__DUPLICATE_METHOD_MATCH = YES;
				CODE_SIGN_IDENTITY = "iPhone Developer";
				COPY_PHASE_STRIP = NO;
				DEBUG_INFORMATION_FORMAT = dwarf;
				ENABLE_STRICT_OBJC_MSGSEND = YES;
				ENABLE_TESTABILITY = YES;
				GCC_C_LANGUAGE_STANDARD = gnu11;
				GCC_DYNAMIC_NO_PIC = NO;
				GCC_NO_COMMON_BLOCKS = YES;
				GCC_OPTIMIZATION_LEVEL = 0;
				GCC_PREPROCESSOR_DEFINITIONS = (
					"DEBUG=1",
					"$(inherited)",
				);
				GCC_WARN_64_TO_32_BIT_CONVERSION = YES;
				GCC_WARN_ABOUT_RETURN_TYPE = YES_ERROR;
				GCC_WARN_UNDECLARED_SELECTOR = YES;
				GCC_WARN_UNINITIALIZED_AUTOS = YES_AGGRESSIVE;
				GCC_WARN_UNUSED_FUNCTION = YES;
				GCC_WARN_UNUSED_VARIABLE = YES;
				IPHONEOS_DEPLOYMENT_TARGET = 11.0;
				MTL_ENABLE_DEBUG_INFO = YES;
				ONLY_ACTIVE_ARCH = YES;
				SDKROOT = iphoneos;
				SWIFT_ACTIVE_COMPILATION_CONDITIONS = DEBUG;
				SWIFT_OPTIMIZATION_LEVEL = "-Onone";
			};
			name = Debug;
		};
		D8B5E6F11F81C5F800EFD94A /* Release */ = {
			isa = XCBuildConfiguration;
			buildSettings = {
				ALWAYS_SEARCH_USER_PATHS = NO;
				CLANG_ANALYZER_NONNULL = YES;
				CLANG_ANALYZER_NUMBER_OBJECT_CONVERSION = YES_AGGRESSIVE;
				CLANG_CXX_LANGUAGE_STANDARD = "gnu++14";
				CLANG_CXX_LIBRARY = "libc++";
				CLANG_ENABLE_MODULES = YES;
				CLANG_ENABLE_OBJC_ARC = YES;
				CLANG_WARN_BLOCK_CAPTURE_AUTORELEASING = YES;
				CLANG_WARN_BOOL_CONVERSION = YES;
				CLANG_WARN_COMMA = YES;
				CLANG_WARN_CONSTANT_CONVERSION = YES;
				CLANG_WARN_DIRECT_OBJC_ISA_USAGE = YES_ERROR;
				CLANG_WARN_DOCUMENTATION_COMMENTS = YES;
				CLANG_WARN_EMPTY_BODY = YES;
				CLANG_WARN_ENUM_CONVERSION = YES;
				CLANG_WARN_INFINITE_RECURSION = YES;
				CLANG_WARN_INT_CONVERSION = YES;
				CLANG_WARN_NON_LITERAL_NULL_CONVERSION = YES;
				CLANG_WARN_OBJC_LITERAL_CONVERSION = YES;
				CLANG_WARN_OBJC_ROOT_CLASS = YES_ERROR;
				CLANG_WARN_RANGE_LOOP_ANALYSIS = YES;
				CLANG_WARN_STRICT_PROTOTYPES = YES;
				CLANG_WARN_SUSPICIOUS_MOVE = YES;
				CLANG_WARN_UNGUARDED_AVAILABILITY = YES_AGGRESSIVE;
				CLANG_WARN_UNREACHABLE_CODE = YES;
				CLANG_WARN__DUPLICATE_METHOD_MATCH = YES;
				CODE_SIGN_IDENTITY = "iPhone Developer";
				COPY_PHASE_STRIP = NO;
				DEBUG_INFORMATION_FORMAT = "dwarf-with-dsym";
				ENABLE_NS_ASSERTIONS = NO;
				ENABLE_STRICT_OBJC_MSGSEND = YES;
				GCC_C_LANGUAGE_STANDARD = gnu11;
				GCC_NO_COMMON_BLOCKS = YES;
				GCC_WARN_64_TO_32_BIT_CONVERSION = YES;
				GCC_WARN_ABOUT_RETURN_TYPE = YES_ERROR;
				GCC_WARN_UNDECLARED_SELECTOR = YES;
				GCC_WARN_UNINITIALIZED_AUTOS = YES_AGGRESSIVE;
				GCC_WARN_UNUSED_FUNCTION = YES;
				GCC_WARN_UNUSED_VARIABLE = YES;
				IPHONEOS_DEPLOYMENT_TARGET = 11.0;
				MTL_ENABLE_DEBUG_INFO = NO;
				SDKROOT = iphoneos;
				SWIFT_OPTIMIZATION_LEVEL = "-Owholemodule";
				VALIDATE_PRODUCT = YES;
			};
			name = Release;
		};
		D8B5E6F31F81C5F800EFD94A /* Debug */ = {
			isa = XCBuildConfiguration;
			buildSettings = {
				ASSETCATALOG_COMPILER_APPICON_NAME = AppIcon;
				CODE_SIGN_STYLE = Automatic;
				INFOPLIST_FILE = "app-swoosh/Info.plist";
				LD_RUNPATH_SEARCH_PATHS = "$(inherited) @executable_path/Frameworks";
				PRODUCT_BUNDLE_IDENTIFIER = "com.app-swoosh";
				PRODUCT_NAME = "$(TARGET_NAME)";
				SWIFT_VERSION = 4.0;
				TARGETED_DEVICE_FAMILY = "1,2";
			};
			name = Debug;
		};
		D8B5E6F41F81C5F800EFD94A /* Release */ = {
			isa = XCBuildConfiguration;
			buildSettings = {
				ASSETCATALOG_COMPILER_APPICON_NAME = AppIcon;
				CODE_SIGN_STYLE = Automatic;
				INFOPLIST_FILE = "app-swoosh/Info.plist";
				LD_RUNPATH_SEARCH_PATHS = "$(inherited) @executable_path/Frameworks";
				PRODUCT_BUNDLE_IDENTIFIER = "com.app-swoosh";
				PRODUCT_NAME = "$(TARGET_NAME)";
				SWIFT_VERSION = 4.0;
				TARGETED_DEVICE_FAMILY = "1,2";
			};
			name = Release;
		};
/* End XCBuildConfiguration section */

/* Begin XCConfigurationList section */
		D8B5E6DB1F81C5F800EFD94A /* Build configuration list for PBXProject "app-swoosh" */ = {
			isa = XCConfigurationList;
			buildConfigurations = (
				D8B5E6F01F81C5F800EFD94A /* Debug */,
				D8B5E6F11F81C5F800EFD94A /* Release */,
			);
			defaultConfigurationIsVisible = 0;
			defaultConfigurationName = Release;
		};
		D8B5E6F21F81C5F800EFD94A /* Build configuration list for PBXNativeTarget "app-swoosh" */ = {
			isa = XCConfigurationList;
			buildConfigurations = (
				D8B5E6F31F81C5F800EFD94A /* Debug */,
				D8B5E6F41F81C5F800EFD94A /* Release */,
			);
			defaultConfigurationIsVisible = 0;
			defaultConfigurationName = Release;
		};
/* End XCConfigurationList section */
	};
	rootObject = D8B5E6D81F81C5F800EFD94A /* Project object */;
}
